
Microsoft Visual Studio Solution File, Format Version 12.00
# Visual Studio 15
VisualStudioVersion = 15.0.27130.2036
MinimumVisualStudioVersion = 10.0.40219.1
Project("{FAE04EC0-301F-11D3-BF4B-00C04F79EFBC}") = "Lab12WPF-Server", "Lab12WPF-Server\Lab12WPF-Server.csproj", "{97E90998-301D-4577-B01E-E5F6213ED58A}"
EndProject
Project("{FAE04EC0-301F-11D3-BF4B-00C04F79EFBC}") = "Lab12WPF-Client", "Lab12WPF-Client\Lab12WPF-Client.csproj", "{EE91C95D-3A47-4BBA-944E-7830466C34A7}"
EndProject
Global
	GlobalSection(SolutionConfigurationPlatforms) = preSolution
		Debug|Any CPU = Debug|Any CPU
		Release|Any CPU = Release|Any CPU
	EndGlobalSection
	GlobalSection(ProjectConfigurationPlatforms) = postSolution
		{97E90998-301D-4577-B01E-E5F6213ED58A}.Debug|Any CPU.ActiveCfg = Debug|Any CPU
		{97E90998-301D-4577-B01E-E5F6213ED58A}.Debug|Any CPU.Build.0 = Debug|Any CPU
		{97E90998-301D-4577-B01E-E5F6213ED58A}.Release|Any CPU.ActiveCfg = Release|Any CPU
		{97E90998-301D-4577-B01E-E5F6213ED58A}.Release|Any CPU.Build.0 = Release|Any CPU
		{EE91C95D-3A47-4BBA-944E-7830466C34A7}.Debug|Any CPU.ActiveCfg = Debug|Any CPU
		{EE91C95D-3A47-4BBA-944E-7830466C34A7}.Debug|Any CPU.Build.0 = Debug|Any CPU
		{EE91C95D-3A47-4BBA-944E-7830466C34A7}.Release|Any CPU.ActiveCfg = Release|Any CPU
		{EE91C95D-3A47-4BBA-944E-7830466C34A7}.Release|Any CPU.Build.0 = Release|Any CPU
	EndGlobalSection
	GlobalSection(SolutionProperties) = preSolution
		HideSolutionNode = FALSE
	EndGlobalSection
	GlobalSection(ExtensibilityGlobals) = postSolution
		SolutionGuid = {844B247A-3E08-4F56-974D-D4B85C62D3C3}
	EndGlobalSection
EndGlobal
