
Microsoft Visual Studio Solution File, Format Version 12.00
# Visual Studio Version 16
VisualStudioVersion = 16.0.29020.237
MinimumVisualStudioVersion = 10.0.40219.1
Project("{FAE04EC0-301F-11D3-BF4B-00C04F79EFBC}") = "Lab1", "Lab1.csproj", "{9BF9BE70-9BD9-4B0E-9CA0-73792DDBF61F}"
EndProject
Global
	GlobalSection(SolutionConfigurationPlatforms) = preSolution
		Debug|Any CPU = Debug|Any CPU
		Release|Any CPU = Release|Any CPU
	EndGlobalSection
	GlobalSection(ProjectConfigurationPlatforms) = postSolution
		{9BF9BE70-9BD9-4B0E-9CA0-73792DDBF61F}.Debug|Any CPU.ActiveCfg = Debug|Any CPU
		{9BF9BE70-9BD9-4B0E-9CA0-73792DDBF61F}.Debug|Any CPU.Build.0 = Debug|Any CPU
		{9BF9BE70-9BD9-4B0E-9CA0-73792DDBF61F}.Release|Any CPU.ActiveCfg = Release|Any CPU
		{9BF9BE70-9BD9-4B0E-9CA0-73792DDBF61F}.Release|Any CPU.Build.0 = Release|Any CPU
	EndGlobalSection
	GlobalSection(SolutionProperties) = preSolution
		HideSolutionNode = FALSE
	EndGlobalSection
	GlobalSection(ExtensibilityGlobals) = postSolution
		SolutionGuid = {1FA1BD8B-716E-4029-ACE3-1F79E34C58F8}
	EndGlobalSection
EndGlobal
