
Microsoft Visual Studio Solution File, Format Version 12.00
# Visual Studio 15
VisualStudioVersion = 15.0.27130.2026
MinimumVisualStudioVersion = 10.0.40219.1
Project("{FAE04EC0-301F-11D3-BF4B-00C04F79EFBC}") = "Lab1", "Lab1\Lab1.csproj", "{E795DF21-2981-4788-B0C3-E85C7C13E742}"
EndProject
Global
	GlobalSection(SolutionConfigurationPlatforms) = preSolution
		Debug|Any CPU = Debug|Any CPU
		Release|Any CPU = Release|Any CPU
	EndGlobalSection
	GlobalSection(ProjectConfigurationPlatforms) = postSolution
		{E795DF21-2981-4788-B0C3-E85C7C13E742}.Debug|Any CPU.ActiveCfg = Debug|Any CPU
		{E795DF21-2981-4788-B0C3-E85C7C13E742}.Debug|Any CPU.Build.0 = Debug|Any CPU
		{E795DF21-2981-4788-B0C3-E85C7C13E742}.Release|Any CPU.ActiveCfg = Release|Any CPU
		{E795DF21-2981-4788-B0C3-E85C7C13E742}.Release|Any CPU.Build.0 = Release|Any CPU
	EndGlobalSection
	GlobalSection(SolutionProperties) = preSolution
		HideSolutionNode = FALSE
	EndGlobalSection
	GlobalSection(ExtensibilityGlobals) = postSolution
		SolutionGuid = {BC95448B-F621-4AB5-B19E-59F2C4AF84C7}
	EndGlobalSection
EndGlobal
