
Microsoft Visual Studio Solution File, Format Version 12.00
# Visual Studio Version 16
VisualStudioVersion = 16.0.29020.237
MinimumVisualStudioVersion = 10.0.40219.1
Project("{FAE04EC0-301F-11D3-BF4B-00C04F79EFBC}") = "Lab1", "Lab1.csproj", "{876EC8AE-71BF-46C8-8550-9F5729F4A7D9}"
EndProject
Global
	GlobalSection(SolutionConfigurationPlatforms) = preSolution
		Debug|Any CPU = Debug|Any CPU
		Release|Any CPU = Release|Any CPU
	EndGlobalSection
	GlobalSection(ProjectConfigurationPlatforms) = postSolution
		{876EC8AE-71BF-46C8-8550-9F5729F4A7D9}.Debug|Any CPU.ActiveCfg = Debug|Any CPU
		{876EC8AE-71BF-46C8-8550-9F5729F4A7D9}.Debug|Any CPU.Build.0 = Debug|Any CPU
		{876EC8AE-71BF-46C8-8550-9F5729F4A7D9}.Release|Any CPU.ActiveCfg = Release|Any CPU
		{876EC8AE-71BF-46C8-8550-9F5729F4A7D9}.Release|Any CPU.Build.0 = Release|Any CPU
	EndGlobalSection
	GlobalSection(SolutionProperties) = preSolution
		HideSolutionNode = FALSE
	EndGlobalSection
	GlobalSection(ExtensibilityGlobals) = postSolution
		SolutionGuid = {1BB11395-740E-442E-817A-5AE9F53C6568}
	EndGlobalSection
EndGlobal
