
Microsoft Visual Studio Solution File, Format Version 12.00
# Visual Studio Version 16
VisualStudioVersion = 16.0.29020.237
MinimumVisualStudioVersion = 10.0.40219.1
Project("{FAE04EC0-301F-11D3-BF4B-00C04F79EFBC}") = "Lab1", "Lab1\Lab1.csproj", "{70843038-359C-46DD-959F-9348AAC99B5A}"
EndProject
Global
	GlobalSection(SolutionConfigurationPlatforms) = preSolution
		Debug|Any CPU = Debug|Any CPU
		Release|Any CPU = Release|Any CPU
	EndGlobalSection
	GlobalSection(ProjectConfigurationPlatforms) = postSolution
		{70843038-359C-46DD-959F-9348AAC99B5A}.Debug|Any CPU.ActiveCfg = Debug|Any CPU
		{70843038-359C-46DD-959F-9348AAC99B5A}.Debug|Any CPU.Build.0 = Debug|Any CPU
		{70843038-359C-46DD-959F-9348AAC99B5A}.Release|Any CPU.ActiveCfg = Release|Any CPU
		{70843038-359C-46DD-959F-9348AAC99B5A}.Release|Any CPU.Build.0 = Release|Any CPU
	EndGlobalSection
	GlobalSection(SolutionProperties) = preSolution
		HideSolutionNode = FALSE
	EndGlobalSection
	GlobalSection(ExtensibilityGlobals) = postSolution
		SolutionGuid = {1E33C7F9-5CE9-4E71-AC94-94AE7685EAF0}
	EndGlobalSection
EndGlobal
