
Microsoft Visual Studio Solution File, Format Version 12.00
# Visual Studio Version 16
VisualStudioVersion = 16.0.29728.190
MinimumVisualStudioVersion = 10.0.40219.1
Project("{FAE04EC0-301F-11D3-BF4B-00C04F79EFBC}") = "Lab4", "Lab4\Lab4.csproj", "{DAF2C5B9-1EF5-486E-AB6B-A9E69E2FE8CD}"
EndProject
Global
	GlobalSection(SolutionConfigurationPlatforms) = preSolution
		Debug|Any CPU = Debug|Any CPU
		Release|Any CPU = Release|Any CPU
	EndGlobalSection
	GlobalSection(ProjectConfigurationPlatforms) = postSolution
		{DAF2C5B9-1EF5-486E-AB6B-A9E69E2FE8CD}.Debug|Any CPU.ActiveCfg = Debug|Any CPU
		{DAF2C5B9-1EF5-486E-AB6B-A9E69E2FE8CD}.Debug|Any CPU.Build.0 = Debug|Any CPU
		{DAF2C5B9-1EF5-486E-AB6B-A9E69E2FE8CD}.Release|Any CPU.ActiveCfg = Release|Any CPU
		{DAF2C5B9-1EF5-486E-AB6B-A9E69E2FE8CD}.Release|Any CPU.Build.0 = Release|Any CPU
	EndGlobalSection
	GlobalSection(SolutionProperties) = preSolution
		HideSolutionNode = FALSE
	EndGlobalSection
	GlobalSection(ExtensibilityGlobals) = postSolution
		SolutionGuid = {7A682B94-001F-4753-B00D-08BE5DA5997B}
	EndGlobalSection
EndGlobal
