
Microsoft Visual Studio Solution File, Format Version 12.00
# Visual Studio Version 16
VisualStudioVersion = 16.0.29920.165
MinimumVisualStudioVersion = 10.0.40219.1
Project("{FAE04EC0-301F-11D3-BF4B-00C04F79EFBC}") = "Lab5", "Lab5\Lab5.csproj", "{231A409C-A0DA-43F5-8067-6E94CB8A138C}"
EndProject
Global
	GlobalSection(SolutionConfigurationPlatforms) = preSolution
		Debug|Any CPU = Debug|Any CPU
		Release|Any CPU = Release|Any CPU
	EndGlobalSection
	GlobalSection(ProjectConfigurationPlatforms) = postSolution
		{231A409C-A0DA-43F5-8067-6E94CB8A138C}.Debug|Any CPU.ActiveCfg = Debug|Any CPU
		{231A409C-A0DA-43F5-8067-6E94CB8A138C}.Debug|Any CPU.Build.0 = Debug|Any CPU
		{231A409C-A0DA-43F5-8067-6E94CB8A138C}.Release|Any CPU.ActiveCfg = Release|Any CPU
		{231A409C-A0DA-43F5-8067-6E94CB8A138C}.Release|Any CPU.Build.0 = Release|Any CPU
	EndGlobalSection
	GlobalSection(SolutionProperties) = preSolution
		HideSolutionNode = FALSE
	EndGlobalSection
	GlobalSection(ExtensibilityGlobals) = postSolution
		SolutionGuid = {289035F9-1381-4E82-95EF-BCAB16F44659}
	EndGlobalSection
EndGlobal
