
Microsoft Visual Studio Solution File, Format Version 12.00
# Visual Studio Version 16
VisualStudioVersion = 16.0.29020.237
MinimumVisualStudioVersion = 10.0.40219.1
Project("{FAE04EC0-301F-11D3-BF4B-00C04F79EFBC}") = "lab2", "lab2\lab2.csproj", "{BA08898B-CC7A-4663-8B2D-339F8AFF514F}"
EndProject
Global
	GlobalSection(SolutionConfigurationPlatforms) = preSolution
		Debug|Any CPU = Debug|Any CPU
		Release|Any CPU = Release|Any CPU
	EndGlobalSection
	GlobalSection(ProjectConfigurationPlatforms) = postSolution
		{BA08898B-CC7A-4663-8B2D-339F8AFF514F}.Debug|Any CPU.ActiveCfg = Debug|Any CPU
		{BA08898B-CC7A-4663-8B2D-339F8AFF514F}.Debug|Any CPU.Build.0 = Debug|Any CPU
		{BA08898B-CC7A-4663-8B2D-339F8AFF514F}.Release|Any CPU.ActiveCfg = Release|Any CPU
		{BA08898B-CC7A-4663-8B2D-339F8AFF514F}.Release|Any CPU.Build.0 = Release|Any CPU
	EndGlobalSection
	GlobalSection(SolutionProperties) = preSolution
		HideSolutionNode = FALSE
	EndGlobalSection
	GlobalSection(ExtensibilityGlobals) = postSolution
		SolutionGuid = {E69792B9-6305-4BF4-AF7A-35DBAD0CF4B6}
	EndGlobalSection
EndGlobal
