
Microsoft Visual Studio Solution File, Format Version 12.00
# Visual Studio Version 16
VisualStudioVersion = 16.0.29020.237
MinimumVisualStudioVersion = 10.0.40219.1
Project("{FAE04EC0-301F-11D3-BF4B-00C04F79EFBC}") = "Lab2", "Lab2\Lab2.csproj", "{0689C724-1B32-40B2-A7C4-C0414649C914}"
EndProject
Global
	GlobalSection(SolutionConfigurationPlatforms) = preSolution
		Debug|Any CPU = Debug|Any CPU
		Release|Any CPU = Release|Any CPU
	EndGlobalSection
	GlobalSection(ProjectConfigurationPlatforms) = postSolution
		{0689C724-1B32-40B2-A7C4-C0414649C914}.Debug|Any CPU.ActiveCfg = Debug|Any CPU
		{0689C724-1B32-40B2-A7C4-C0414649C914}.Debug|Any CPU.Build.0 = Debug|Any CPU
		{0689C724-1B32-40B2-A7C4-C0414649C914}.Release|Any CPU.ActiveCfg = Release|Any CPU
		{0689C724-1B32-40B2-A7C4-C0414649C914}.Release|Any CPU.Build.0 = Release|Any CPU
	EndGlobalSection
	GlobalSection(SolutionProperties) = preSolution
		HideSolutionNode = FALSE
	EndGlobalSection
	GlobalSection(ExtensibilityGlobals) = postSolution
		SolutionGuid = {B76D05B9-FC44-4636-ABF1-229915FEFDAD}
	EndGlobalSection
EndGlobal
