
Microsoft Visual Studio Solution File, Format Version 12.00
# Visual Studio Version 16
VisualStudioVersion = 16.0.29806.167
MinimumVisualStudioVersion = 10.0.40219.1
Project("{FAE04EC0-301F-11D3-BF4B-00C04F79EFBC}") = "Lab2", "Lab2\Lab2.csproj", "{C001762F-35CE-4351-AC44-E394D62A4E6B}"
EndProject
Global
	GlobalSection(SolutionConfigurationPlatforms) = preSolution
		Debug|Any CPU = Debug|Any CPU
		Release|Any CPU = Release|Any CPU
	EndGlobalSection
	GlobalSection(ProjectConfigurationPlatforms) = postSolution
		{C001762F-35CE-4351-AC44-E394D62A4E6B}.Debug|Any CPU.ActiveCfg = Debug|Any CPU
		{C001762F-35CE-4351-AC44-E394D62A4E6B}.Debug|Any CPU.Build.0 = Debug|Any CPU
		{C001762F-35CE-4351-AC44-E394D62A4E6B}.Release|Any CPU.ActiveCfg = Release|Any CPU
		{C001762F-35CE-4351-AC44-E394D62A4E6B}.Release|Any CPU.Build.0 = Release|Any CPU
	EndGlobalSection
	GlobalSection(SolutionProperties) = preSolution
		HideSolutionNode = FALSE
	EndGlobalSection
	GlobalSection(ExtensibilityGlobals) = postSolution
		SolutionGuid = {422F2822-7916-40B5-AD24-AAF4DD1D8F98}
	EndGlobalSection
EndGlobal
