
Microsoft Visual Studio Solution File, Format Version 12.00
# Visual Studio Version 16
VisualStudioVersion = 16.0.29020.237
MinimumVisualStudioVersion = 10.0.40219.1
Project("{FAE04EC0-301F-11D3-BF4B-00C04F79EFBC}") = "lab2", "lab2\lab2.csproj", "{1036936F-6E1A-406A-84C0-3A06A712E11D}"
EndProject
Global
	GlobalSection(SolutionConfigurationPlatforms) = preSolution
		Debug|Any CPU = Debug|Any CPU
		Release|Any CPU = Release|Any CPU
	EndGlobalSection
	GlobalSection(ProjectConfigurationPlatforms) = postSolution
		{1036936F-6E1A-406A-84C0-3A06A712E11D}.Debug|Any CPU.ActiveCfg = Debug|Any CPU
		{1036936F-6E1A-406A-84C0-3A06A712E11D}.Debug|Any CPU.Build.0 = Debug|Any CPU
		{1036936F-6E1A-406A-84C0-3A06A712E11D}.Release|Any CPU.ActiveCfg = Release|Any CPU
		{1036936F-6E1A-406A-84C0-3A06A712E11D}.Release|Any CPU.Build.0 = Release|Any CPU
	EndGlobalSection
	GlobalSection(SolutionProperties) = preSolution
		HideSolutionNode = FALSE
	EndGlobalSection
	GlobalSection(ExtensibilityGlobals) = postSolution
		SolutionGuid = {7D961677-5D86-44E4-B720-2875DB26028F}
	EndGlobalSection
EndGlobal
