
Microsoft Visual Studio Solution File, Format Version 12.00
# Visual Studio Version 16
VisualStudioVersion = 16.0.28803.452
MinimumVisualStudioVersion = 10.0.40219.1
Project("{FAE04EC0-301F-11D3-BF4B-00C04F79EFBC}") = "Lab3", "Lab3\Lab3.csproj", "{A73F6C92-65B6-452F-911D-210E17DFAB7B}"
EndProject
Global
	GlobalSection(SolutionConfigurationPlatforms) = preSolution
		Debug|Any CPU = Debug|Any CPU
		Release|Any CPU = Release|Any CPU
	EndGlobalSection
	GlobalSection(ProjectConfigurationPlatforms) = postSolution
		{A73F6C92-65B6-452F-911D-210E17DFAB7B}.Debug|Any CPU.ActiveCfg = Debug|Any CPU
		{A73F6C92-65B6-452F-911D-210E17DFAB7B}.Debug|Any CPU.Build.0 = Debug|Any CPU
		{A73F6C92-65B6-452F-911D-210E17DFAB7B}.Release|Any CPU.ActiveCfg = Release|Any CPU
		{A73F6C92-65B6-452F-911D-210E17DFAB7B}.Release|Any CPU.Build.0 = Release|Any CPU
	EndGlobalSection
	GlobalSection(SolutionProperties) = preSolution
		HideSolutionNode = FALSE
	EndGlobalSection
	GlobalSection(ExtensibilityGlobals) = postSolution
		SolutionGuid = {3D9179DA-9481-424C-A428-BD2A92FE3947}
	EndGlobalSection
EndGlobal
