
Microsoft Visual Studio Solution File, Format Version 12.00
# Visual Studio 15
VisualStudioVersion = 15.0.27428.2002
MinimumVisualStudioVersion = 10.0.40219.1
Project("{FAE04EC0-301F-11D3-BF4B-00C04F79EFBC}") = "Lab3", "Lab3\Lab3.csproj", "{77664219-6206-4DEF-91F9-4ECAAD643871}"
EndProject
Global
	GlobalSection(SolutionConfigurationPlatforms) = preSolution
		Debug|Any CPU = Debug|Any CPU
		Release|Any CPU = Release|Any CPU
	EndGlobalSection
	GlobalSection(ProjectConfigurationPlatforms) = postSolution
		{77664219-6206-4DEF-91F9-4ECAAD643871}.Debug|Any CPU.ActiveCfg = Debug|Any CPU
		{77664219-6206-4DEF-91F9-4ECAAD643871}.Debug|Any CPU.Build.0 = Debug|Any CPU
		{77664219-6206-4DEF-91F9-4ECAAD643871}.Release|Any CPU.ActiveCfg = Release|Any CPU
		{77664219-6206-4DEF-91F9-4ECAAD643871}.Release|Any CPU.Build.0 = Release|Any CPU
	EndGlobalSection
	GlobalSection(SolutionProperties) = preSolution
		HideSolutionNode = FALSE
	EndGlobalSection
	GlobalSection(ExtensibilityGlobals) = postSolution
		SolutionGuid = {494999D2-0C21-464D-807D-82B9692D5730}
	EndGlobalSection
EndGlobal
