
Microsoft Visual Studio Solution File, Format Version 12.00
# Visual Studio 15
VisualStudioVersion = 15.0.27130.2036
MinimumVisualStudioVersion = 10.0.40219.1
Project("{FAE04EC0-301F-11D3-BF4B-00C04F79EFBC}") = "Lab4", "Lab4\Lab4.csproj", "{8491D757-2E7D-492E-94A4-225EE3AE7FAB}"
EndProject
Global
	GlobalSection(SolutionConfigurationPlatforms) = preSolution
		Debug|Any CPU = Debug|Any CPU
		Release|Any CPU = Release|Any CPU
	EndGlobalSection
	GlobalSection(ProjectConfigurationPlatforms) = postSolution
		{8491D757-2E7D-492E-94A4-225EE3AE7FAB}.Debug|Any CPU.ActiveCfg = Debug|Any CPU
		{8491D757-2E7D-492E-94A4-225EE3AE7FAB}.Debug|Any CPU.Build.0 = Debug|Any CPU
		{8491D757-2E7D-492E-94A4-225EE3AE7FAB}.Release|Any CPU.ActiveCfg = Release|Any CPU
		{8491D757-2E7D-492E-94A4-225EE3AE7FAB}.Release|Any CPU.Build.0 = Release|Any CPU
	EndGlobalSection
	GlobalSection(SolutionProperties) = preSolution
		HideSolutionNode = FALSE
	EndGlobalSection
	GlobalSection(ExtensibilityGlobals) = postSolution
		SolutionGuid = {59B687F9-D794-4B5C-A151-4F2D97AB9D62}
	EndGlobalSection
EndGlobal
